lockfileVersion: '9.0'

settings:
  autoInstallPeers: true
  excludeLinksFromLockfile: false

importers:

  .:
    dependencies:
      gltf-validator:
        specifier: 2.0.0-dev.3.10
        version: 2.0.0-dev.3.10
      three:
        specifier: 0.180.0
        version: 0.180.0

packages:

  gltf-validator@2.0.0-dev.3.10:
    resolution: {integrity: sha512-odJ4k0tRkGXiDGn78yDBg+fBbAIvBnXxh3RwAta0emSxGtyagFE8B4xELB1oYe3S5RD8Ci3uZAsZaascH2LAEQ==}

  three@0.180.0:
    resolution: {integrity: sha512-o+qycAMZrh+TsE01GqWUxUIKR1AL0S8pq7zDkYOQw8GqfX8b8VoCKYUoHbhiX5j+7hr8XsuHDVU6+gkQJQKg9w==}

snapshots:

  gltf-validator@2.0.0-dev.3.10: {}

  three@0.180.0: {}
